
Microsoft Visual Studio Solution File, Format Version 12.00
# Visual Studio Version 17
VisualStudioVersion = 17.8.34330.188
MinimumVisualStudioVersion = 10.0.40219.1
Project("{FAE04EC0-301F-11D3-BF4B-00C04F79EFBC}") = "WinForms2", "WinForms2.csproj", "{7F02D97E-4463-4486-AFEB-F4824212FF01}"
EndProject
Global
	GlobalSection(SolutionConfigurationPlatforms) = preSolution
		Debug|Any CPU = Debug|Any CPU
		Release|Any CPU = Release|Any CPU
	EndGlobalSection
	GlobalSection(ProjectConfigurationPlatforms) = postSolution
		{7F02D97E-4463-4486-AFEB-F4824212FF01}.Debug|Any CPU.ActiveCfg = Debug|Any CPU
		{7F02D97E-4463-4486-AFEB-F4824212FF01}.Debug|Any CPU.Build.0 = Debug|Any CPU
		{7F02D97E-4463-4486-AFEB-F4824212FF01}.Release|Any CPU.ActiveCfg = Release|Any CPU
		{7F02D97E-4463-4486-AFEB-F4824212FF01}.Release|Any CPU.Build.0 = Release|Any CPU
	EndGlobalSection
	GlobalSection(SolutionProperties) = preSolution
		HideSolutionNode = FALSE
	EndGlobalSection
	GlobalSection(ExtensibilityGlobals) = postSolution
		SolutionGuid = {FC7E32F3-FC2C-4275-B163-8130F20C78A7}
	EndGlobalSection
EndGlobal
